
Microsoft Visual Studio Solution File, Format Version 12.00
# Visual Studio Version 17
VisualStudioVersion = 17.3.32804.467
MinimumVisualStudioVersion = 10.0.40219.1
Project("{FAE04EC0-301F-11D3-BF4B-00C04F79EFBC}") = "BlazorApp_Razor_Classes.Server", "BlazorApp_Razor_Classes\Server\BlazorApp_Razor_Classes.Server.csproj", "{10DBF186-2D02-4346-A115-08A181BD84E8}"
EndProject
Project("{FAE04EC0-301F-11D3-BF4B-00C04F79EFBC}") = "BlazorApp_Razor_Classes.Client", "BlazorApp_Razor_Classes\Client\BlazorApp_Razor_Classes.Client.csproj", "{C9CF56CA-B25B-40DD-A372-65045FB8D438}"
EndProject
Project("{FAE04EC0-301F-11D3-BF4B-00C04F79EFBC}") = "BlazorApp_Razor_Classes.Shared", "BlazorApp_Razor_Classes\Shared\BlazorApp_Razor_Classes.Shared.csproj", "{D2AB25DF-2DE0-4C16-A711-F95005D5FB15}"
EndProject
Global
	GlobalSection(SolutionConfigurationPlatforms) = preSolution
		Debug|Any CPU = Debug|Any CPU
		Release|Any CPU = Release|Any CPU
	EndGlobalSection
	GlobalSection(ProjectConfigurationPlatforms) = postSolution
		{10DBF186-2D02-4346-A115-08A181BD84E8}.Debug|Any CPU.ActiveCfg = Debug|Any CPU
		{10DBF186-2D02-4346-A115-08A181BD84E8}.Debug|Any CPU.Build.0 = Debug|Any CPU
		{10DBF186-2D02-4346-A115-08A181BD84E8}.Release|Any CPU.ActiveCfg = Release|Any CPU
		{10DBF186-2D02-4346-A115-08A181BD84E8}.Release|Any CPU.Build.0 = Release|Any CPU
		{C9CF56CA-B25B-40DD-A372-65045FB8D438}.Debug|Any CPU.ActiveCfg = Debug|Any CPU
		{C9CF56CA-B25B-40DD-A372-65045FB8D438}.Debug|Any CPU.Build.0 = Debug|Any CPU
		{C9CF56CA-B25B-40DD-A372-65045FB8D438}.Release|Any CPU.ActiveCfg = Release|Any CPU
		{C9CF56CA-B25B-40DD-A372-65045FB8D438}.Release|Any CPU.Build.0 = Release|Any CPU
		{D2AB25DF-2DE0-4C16-A711-F95005D5FB15}.Debug|Any CPU.ActiveCfg = Debug|Any CPU
		{D2AB25DF-2DE0-4C16-A711-F95005D5FB15}.Debug|Any CPU.Build.0 = Debug|Any CPU
		{D2AB25DF-2DE0-4C16-A711-F95005D5FB15}.Release|Any CPU.ActiveCfg = Release|Any CPU
		{D2AB25DF-2DE0-4C16-A711-F95005D5FB15}.Release|Any CPU.Build.0 = Release|Any CPU
	EndGlobalSection
	GlobalSection(SolutionProperties) = preSolution
		HideSolutionNode = FALSE
	EndGlobalSection
	GlobalSection(ExtensibilityGlobals) = postSolution
		SolutionGuid = {46DDEB01-8A89-40AF-B690-3F412D54569D}
	EndGlobalSection
EndGlobal
